
Microsoft Visual Studio Solution File, Format Version 12.00
# Visual Studio Version 16
VisualStudioVersion = 16.0.30709.64
MinimumVisualStudioVersion = 10.0.40219.1
Project("{8BC9CEB8-8B4A-11D0-8D11-00A0C91BC942}") = "primefactorPairs", "primefactorPairs\primefactorPairs.vcxproj", "{26011530-1385-4781-9E77-654884F207F2}"
EndProject
Global
	GlobalSection(SolutionConfigurationPlatforms) = preSolution
		Debug|x64 = Debug|x64
		Debug|x86 = Debug|x86
		Release|x64 = Release|x64
		Release|x86 = Release|x86
	EndGlobalSection
	GlobalSection(ProjectConfigurationPlatforms) = postSolution
		{26011530-1385-4781-9E77-654884F207F2}.Debug|x64.ActiveCfg = Debug|x64
		{26011530-1385-4781-9E77-654884F207F2}.Debug|x64.Build.0 = Debug|x64
		{26011530-1385-4781-9E77-654884F207F2}.Debug|x86.ActiveCfg = Debug|Win32
		{26011530-1385-4781-9E77-654884F207F2}.Debug|x86.Build.0 = Debug|Win32
		{26011530-1385-4781-9E77-654884F207F2}.Release|x64.ActiveCfg = Release|x64
		{26011530-1385-4781-9E77-654884F207F2}.Release|x64.Build.0 = Release|x64
		{26011530-1385-4781-9E77-654884F207F2}.Release|x86.ActiveCfg = Release|Win32
		{26011530-1385-4781-9E77-654884F207F2}.Release|x86.Build.0 = Release|Win32
	EndGlobalSection
	GlobalSection(SolutionProperties) = preSolution
		HideSolutionNode = FALSE
	EndGlobalSection
	GlobalSection(ExtensibilityGlobals) = postSolution
		SolutionGuid = {1A312370-AC19-4507-9215-2BC28E631CE5}
	EndGlobalSection
EndGlobal
